// !$*UTF8*$!
{
	archiveVersion = 1;
	classes = {
	};
	objectVersion = 56;
	objects = {

/* Begin PBXBuildFile section */
		E41BD8E12B94ED9C009FC4C9 /* JaguarOrLeopard.mlmodel in Sources */ = {isa = PBXBuildFile; fileRef = E41BD8E02B94ED9C009FC4C9 /* JaguarOrLeopard.mlmodel */; };
		E46DB4DC2B8E6E3A00597E88 /* AppDelegate.swift in Sources */ = {isa = PBXBuildFile; fileRef = E46DB4DB2B8E6E3A00597E88 /* AppDelegate.swift */; };
		E46DB4DE2B8E6E3A00597E88 /* SceneDelegate.swift in Sources */ = {isa = PBXBuildFile; fileRef = E46DB4DD2B8E6E3A00597E88 /* SceneDelegate.swift */; };
		E46DB4E02B8E6E3A00597E88 /* ViewController.swift in Sources */ = {isa = PBXBuildFile; fileRef = E46DB4DF2B8E6E3A00597E88 /* ViewController.swift */; };
		E46DB4E32B8E6E3A00597E88 /* Main.storyboard in Resources */ = {isa = PBXBuildFile; fileRef = E46DB4E12B8E6E3A00597E88 /* Main.storyboard */; };
		E46DB4E52B8E6E3B00597E88 /* Assets.xcassets in Resources */ = {isa = PBXBuildFile; fileRef = E46DB4E42B8E6E3B00597E88 /* Assets.xcassets */; };
		E46DB4E82B8E6E3B00597E88 /* LaunchScreen.storyboard in Resources */ = {isa = PBXBuildFile; fileRef = E46DB4E62B8E6E3B00597E88 /* LaunchScreen.storyboard */; };
		E46DB4F02B8E6E7200597E88 /* UIImage+Extension.swift in Sources */ = {isa = PBXBuildFile; fileRef = E46DB4EF2B8E6E7200597E88 /* UIImage+Extension.swift */; };
/* End PBXBuildFile section */

/* Begin PBXFileReference section */
		E41BD8E02B94ED9C009FC4C9 /* JaguarOrLeopard.mlmodel */ = {isa = PBXFileReference; lastKnownFileType = file.mlmodel; path = JaguarOrLeopard.mlmodel; sourceTree = "<group>"; };
		E46DB4D82B8E6E3A00597E88 /* ImgClassificationExampleApp.app */ = {isa = PBXFileReference; explicitFileType = wrapper.application; includeInIndex = 0; path = ImgClassificationExampleApp.app; sourceTree = BUILT_PRODUCTS_DIR; };
		E46DB4DB2B8E6E3A00597E88 /* AppDelegate.swift */ = {isa = PBXFileReference; lastKnownFileType = sourcecode.swift; path = AppDelegate.swift; sourceTree = "<group>"; };
		E46DB4DD2B8E6E3A00597E88 /* SceneDelegate.swift */ = {isa = PBXFileReference; lastKnownFileType = sourcecode.swift; path = SceneDelegate.swift; sourceTree = "<group>"; };
		E46DB4DF2B8E6E3A00597E88 /* ViewController.swift */ = {isa = PBXFileReference; lastKnownFileType = sourcecode.swift; path = ViewController.swift; sourceTree = "<group>"; };
		E46DB4E22B8E6E3A00597E88 /* Base */ = {isa = PBXFileReference; lastKnownFileType = file.storyboard; name = Base; path = Base.lproj/Main.storyboard; sourceTree = "<group>"; };
		E46DB4E42B8E6E3B00597E88 /* Assets.xcassets */ = {isa = PBXFileReference; lastKnownFileType = folder.assetcatalog; path = Assets.xcassets; sourceTree = "<group>"; };
		E46DB4E72B8E6E3B00597E88 /* Base */ = {isa = PBXFileReference; lastKnownFileType = file.storyboard; name = Base; path = Base.lproj/LaunchScreen.storyboard; sourceTree = "<group>"; };
		E46DB4E92B8E6E3B00597E88 /* Info.plist */ = {isa = PBXFileReference; lastKnownFileType = text.plist.xml; path = Info.plist; sourceTree = "<group>"; };
		E46DB4EF2B8E6E7200597E88 /* UIImage+Extension.swift */ = {isa = PBXFileReference; lastKnownFileType = sourcecode.swift; path = "UIImage+Extension.swift"; sourceTree = "<group>"; };
/* End PBXFileReference section */

/* Begin PBXFrameworksBuildPhase section */
		E46DB4D52B8E6E3A00597E88 /* Frameworks */ = {
			isa = PBXFrameworksBuildPhase;
			buildActionMask = 2147483647;
			files = (
			);
			runOnlyForDeploymentPostprocessing = 0;
		};
/* End PBXFrameworksBuildPhase section */

/* Begin PBXGroup section */
		E46DB4CF2B8E6E3A00597E88 = {
			isa = PBXGroup;
			children = (
				E46DB4DA2B8E6E3A00597E88 /* ImgClassificationExampleApp */,
				E46DB4D92B8E6E3A00597E88 /* Products */,
			);
			sourceTree = "<group>";
		};
		E46DB4D92B8E6E3A00597E88 /* Products */ = {
			isa = PBXGroup;
			children = (
				E46DB4D82B8E6E3A00597E88 /* ImgClassificationExampleApp.app */,
			);
			name = Products;
			sourceTree = "<group>";
		};
		E46DB4DA2B8E6E3A00597E88 /* ImgClassificationExampleApp */ = {
			isa = PBXGroup;
			children = (
				E41BD8E02B94ED9C009FC4C9 /* JaguarOrLeopard.mlmodel */,
				E46DB4DB2B8E6E3A00597E88 /* AppDelegate.swift */,
				E46DB4DD2B8E6E3A00597E88 /* SceneDelegate.swift */,
				E46DB4DF2B8E6E3A00597E88 /* ViewController.swift */,
				E4C27F2E2B94D6E8009B2AE9 /* Extension */,
				E46DB4E12B8E6E3A00597E88 /* Main.storyboard */,
				E46DB4E62B8E6E3B00597E88 /* LaunchScreen.storyboard */,
				E46DB4E42B8E6E3B00597E88 /* Assets.xcassets */,
				E46DB4E92B8E6E3B00597E88 /* Info.plist */,
			);
			path = ImgClassificationExampleApp;
			sourceTree = "<group>";
		};
		E4C27F2E2B94D6E8009B2AE9 /* Extension */ = {
			isa = PBXGroup;
			children = (
				E46DB4EF2B8E6E7200597E88 /* UIImage+Extension.swift */,
			);
			path = Extension;
			sourceTree = "<group>";
		};
/* End PBXGroup section */

/* Begin PBXNativeTarget section */
		E46DB4D72B8E6E3A00597E88 /* ImgClassificationExampleApp */ = {
			isa = PBXNativeTarget;
			buildConfigurationList = E46DB4EC2B8E6E3B00597E88 /* Build configuration list for PBXNativeTarget "ImgClassificationExampleApp" */;
			buildPhases = (
				E46DB4D42B8E6E3A00597E88 /* Sources */,
				E46DB4D52B8E6E3A00597E88 /* Frameworks */,
				E46DB4D62B8E6E3A00597E88 /* Resources */,
			);
			buildRules = (
			);
			dependencies = (
			);
			name = ImgClassificationExampleApp;
			productName = ImgClassificationExampleApp;
			productReference = E46DB4D82B8E6E3A00597E88 /* ImgClassificationExampleApp.app */;
			productType = "com.apple.product-type.application";
		};
/* End PBXNativeTarget section */

/* Begin PBXProject section */
		E46DB4D02B8E6E3A00597E88 /* Project object */ = {
			isa = PBXProject;
			attributes = {
				BuildIndependentTargetsInParallel = 1;
				LastSwiftUpdateCheck = 1510;
				LastUpgradeCheck = 1510;
				TargetAttributes = {
					E46DB4D72B8E6E3A00597E88 = {
						CreatedOnToolsVersion = 15.1;
					};
				};
			};
			buildConfigurationList = E46DB4D32B8E6E3A00597E88 /* Build configuration list for PBXProject "ImgClassificationExampleApp" */;
			compatibilityVersion = "Xcode 14.0";
			developmentRegion = en;
			hasScannedForEncodings = 0;
			knownRegions = (
				en,
				Base,
			);
			mainGroup = E46DB4CF2B8E6E3A00597E88;
			productRefGroup = E46DB4D92B8E6E3A00597E88 /* Products */;
			projectDirPath = "";
			projectRoot = "";
			targets = (
				E46DB4D72B8E6E3A00597E88 /* ImgClassificationExampleApp */,
			);
		};
/* End PBXProject section */

/* Begin PBXResourcesBuildPhase section */
		E46DB4D62B8E6E3A00597E88 /* Resources */ = {
			isa = PBXResourcesBuildPhase;
			buildActionMask = 2147483647;
			files = (
				E46DB4E82B8E6E3B00597E88 /* LaunchScreen.storyboard in Resources */,
				E46DB4E52B8E6E3B00597E88 /* Assets.xcassets in Resources */,
				E46DB4E32B8E6E3A00597E88 /* Main.storyboard in Resources */,
			);
			runOnlyForDeploymentPostprocessing = 0;
		};
/* End PBXResourcesBuildPhase section */

/* Begin PBXSourcesBuildPhase section */
		E46DB4D42B8E6E3A00597E88 /* Sources */ = {
			isa = PBXSourcesBuildPhase;
			buildActionMask = 2147483647;
			files = (
				E46DB4E02B8E6E3A00597E88 /* ViewController.swift in Sources */,
				E46DB4DC2B8E6E3A00597E88 /* AppDelegate.swift in Sources */,
				E46DB4DE2B8E6E3A00597E88 /* SceneDelegate.swift in Sources */,
				E41BD8E12B94ED9C009FC4C9 /* JaguarOrLeopard.mlmodel in Sources */,
				E46DB4F02B8E6E7200597E88 /* UIImage+Extension.swift in Sources */,
			);
			runOnlyForDeploymentPostprocessing = 0;
		};
/* End PBXSourcesBuildPhase section */

/* Begin PBXVariantGroup section */
		E46DB4E12B8E6E3A00597E88 /* Main.storyboard */ = {
			isa = PBXVariantGroup;
			children = (
				E46DB4E22B8E6E3A00597E88 /* Base */,
			);
			name = Main.storyboard;
			sourceTree = "<group>";
		};
		E46DB4E62B8E6E3B00597E88 /* LaunchScreen.storyboard */ = {
			isa = PBXVariantGroup;
			children = (
				E46DB4E72B8E6E3B00597E88 /* Base */,
			);
			name = LaunchScreen.storyboard;
			sourceTree = "<group>";
		};
/* End PBXVariantGroup section */

/* Begin XCBuildConfiguration section */
		E46DB4EA2B8E6E3B00597E88 /* Debug */ = {
			isa = XCBuildConfiguration;
			buildSettings = {
				ALWAYS_SEARCH_USER_PATHS = NO;
				ASSETCATALOG_COMPILER_GENERATE_SWIFT_ASSET_SYMBOL_EXTENSIONS = YES;
				CLANG_ANALYZER_NONNULL = YES;
				CLANG_ANALYZER_NUMBER_OBJECT_CONVERSION = YES_AGGRESSIVE;
				CLANG_CXX_LANGUAGE_STANDARD = "gnu++20";
				CLANG_ENABLE_MODULES = YES;
				CLANG_ENABLE_OBJC_ARC = YES;
				CLANG_ENABLE_OBJC_WEAK = YES;
				CLANG_WARN_BLOCK_CAPTURE_AUTORELEASING = YES;
				CLANG_WARN_BOOL_CONVERSION = YES;
				CLANG_WARN_COMMA = YES;
				CLANG_WARN_CONSTANT_CONVERSION = YES;
				CLANG_WARN_DEPRECATED_OBJC_IMPLEMENTATIONS = YES;
				CLANG_WARN_DIRECT_OBJC_ISA_USAGE = YES_ERROR;
				CLANG_WARN_DOCUMENTATION_COMMENTS = YES;
				CLANG_WARN_EMPTY_BODY = YES;
				CLANG_WARN_ENUM_CONVERSION = YES;
				CLANG_WARN_INFINITE_RECURSION = YES;
				CLANG_WARN_INT_CONVERSION = YES;
				CLANG_WARN_NON_LITERAL_NULL_CONVERSION = YES;
				CLANG_WARN_OBJC_IMPLICIT_RETAIN_SELF = YES;
				CLANG_WARN_OBJC_LITERAL_CONVERSION = YES;
				CLANG_WARN_OBJC_ROOT_CLASS = YES_ERROR;
				CLANG_WARN_QUOTED_INCLUDE_IN_FRAMEWORK_HEADER = YES;
				CLANG_WARN_RANGE_LOOP_ANALYSIS = YES;
				CLANG_WARN_STRICT_PROTOTYPES = YES;
				CLANG_WARN_SUSPICIOUS_MOVE = YES;
				CLANG_WARN_UNGUARDED_AVAILABILITY = YES_AGGRESSIVE;
				CLANG_WARN_UNREACHABLE_CODE = YES;
				CLANG_WARN__DUPLICATE_METHOD_MATCH = YES;
				COPY_PHASE_STRIP = NO;
				DEBUG_INFORMATION_FORMAT = dwarf;
				ENABLE_STRICT_OBJC_MSGSEND = YES;
				ENABLE_TESTABILITY = YES;
				ENABLE_USER_SCRIPT_SANDBOXING = YES;
				GCC_C_LANGUAGE_STANDARD = gnu17;
				GCC_DYNAMIC_NO_PIC = NO;
				GCC_NO_COMMON_BLOCKS = YES;
				GCC_OPTIMIZATION_LEVEL = 0;
				GCC_PREPROCESSOR_DEFINITIONS = (
					"DEBUG=1",
					"$(inherited)",
				);
				GCC_WARN_64_TO_32_BIT_CONVERSION = YES;
				GCC_WARN_ABOUT_RETURN_TYPE = YES_ERROR;
				GCC_WARN_UNDECLARED_SELECTOR = YES;
				GCC_WARN_UNINITIALIZED_AUTOS = YES_AGGRESSIVE;
				GCC_WARN_UNUSED_FUNCTION = YES;
				GCC_WARN_UNUSED_VARIABLE = YES;
				IPHONEOS_DEPLOYMENT_TARGET = 17.2;
				LOCALIZATION_PREFERS_STRING_CATALOGS = YES;
				MTL_ENABLE_DEBUG_INFO = INCLUDE_SOURCE;
				MTL_FAST_MATH = YES;
				ONLY_ACTIVE_ARCH = YES;
				SDKROOT = iphoneos;
				SWIFT_ACTIVE_COMPILATION_CONDITIONS = "DEBUG $(inherited)";
				SWIFT_OPTIMIZATION_LEVEL = "-Onone";
			};
			name = Debug;
		};
		E46DB4EB2B8E6E3B00597E88 /* Release */ = {
			isa = XCBuildConfiguration;
			buildSettings = {
				ALWAYS_SEARCH_USER_PATHS = NO;
				ASSETCATALOG_COMPILER_GENERATE_SWIFT_ASSET_SYMBOL_EXTENSIONS = YES;
				CLANG_ANALYZER_NONNULL = YES;
				CLANG_ANALYZER_NUMBER_OBJECT_CONVERSION = YES_AGGRESSIVE;
				CLANG_CXX_LANGUAGE_STANDARD = "gnu++20";
				CLANG_ENABLE_MODULES = YES;
				CLANG_ENABLE_OBJC_ARC = YES;
				CLANG_ENABLE_OBJC_WEAK = YES;
				CLANG_WARN_BLOCK_CAPTURE_AUTORELEASING = YES;
				CLANG_WARN_BOOL_CONVERSION = YES;
				CLANG_WARN_COMMA = YES;
				CLANG_WARN_CONSTANT_CONVERSION = YES;
				CLANG_WARN_DEPRECATED_OBJC_IMPLEMENTATIONS = YES;
				CLANG_WARN_DIRECT_OBJC_ISA_USAGE = YES_ERROR;
				CLANG_WARN_DOCUMENTATION_COMMENTS = YES;
				CLANG_WARN_EMPTY_BODY = YES;
				CLANG_WARN_ENUM_CONVERSION = YES;
				CLANG_WARN_INFINITE_RECURSION = YES;
				CLANG_WARN_INT_CONVERSION = YES;
				CLANG_WARN_NON_LITERAL_NULL_CONVERSION = YES;
				CLANG_WARN_OBJC_IMPLICIT_RETAIN_SELF = YES;
				CLANG_WARN_OBJC_LITERAL_CONVERSION = YES;
				CLANG_WARN_OBJC_ROOT_CLASS = YES_ERROR;
				CLANG_WARN_QUOTED_INCLUDE_IN_FRAMEWORK_HEADER = YES;
				CLANG_WARN_RANGE_LOOP_ANALYSIS = YES;
				CLANG_WARN_STRICT_PROTOTYPES = YES;
				CLANG_WARN_SUSPICIOUS_MOVE = YES;
				CLANG_WARN_UNGUARDED_AVAILABILITY = YES_AGGRESSIVE;
				CLANG_WARN_UNREACHABLE_CODE = YES;
				CLANG_WARN__DUPLICATE_METHOD_MATCH = YES;
				COPY_PHASE_STRIP = NO;
				DEBUG_INFORMATION_FORMAT = "dwarf-with-dsym";
				ENABLE_NS_ASSERTIONS = NO;
				ENABLE_STRICT_OBJC_MSGSEND = YES;
				ENABLE_USER_SCRIPT_SANDBOXING = YES;
				GCC_C_LANGUAGE_STANDARD = gnu17;
				GCC_NO_COMMON_BLOCKS = YES;
				GCC_WARN_64_TO_32_BIT_CONVERSION = YES;
				GCC_WARN_ABOUT_RETURN_TYPE = YES_ERROR;
				GCC_WARN_UNDECLARED_SELECTOR = YES;
				GCC_WARN_UNINITIALIZED_AUTOS = YES_AGGRESSIVE;
				GCC_WARN_UNUSED_FUNCTION = YES;
				GCC_WARN_UNUSED_VARIABLE = YES;
				IPHONEOS_DEPLOYMENT_TARGET = 17.2;
				LOCALIZATION_PREFERS_STRING_CATALOGS = YES;
				MTL_ENABLE_DEBUG_INFO = NO;
				MTL_FAST_MATH = YES;
				SDKROOT = iphoneos;
				SWIFT_COMPILATION_MODE = wholemodule;
				VALIDATE_PRODUCT = YES;
			};
			name = Release;
		};
		E46DB4ED2B8E6E3B00597E88 /* Debug */ = {
			isa = XCBuildConfiguration;
			buildSettings = {
				ASSETCATALOG_COMPILER_APPICON_NAME = AppIcon;
				ASSETCATALOG_COMPILER_GLOBAL_ACCENT_COLOR_NAME = AccentColor;
				CODE_SIGN_STYLE = Automatic;
				CURRENT_PROJECT_VERSION = 1;
				DEVELOPMENT_TEAM = Y324LTK9DG;
				GENERATE_INFOPLIST_FILE = YES;
				INFOPLIST_FILE = ImgClassificationExampleApp/Info.plist;
				INFOPLIST_KEY_UIApplicationSupportsIndirectInputEvents = YES;
				INFOPLIST_KEY_UILaunchStoryboardName = LaunchScreen;
				INFOPLIST_KEY_UIMainStoryboardFile = Main;
				INFOPLIST_KEY_UISupportedInterfaceOrientations = UIInterfaceOrientationPortrait;
				INFOPLIST_KEY_UISupportedInterfaceOrientations_iPad = "UIInterfaceOrientationLandscapeLeft UIInterfaceOrientationLandscapeRight UIInterfaceOrientationPortrait UIInterfaceOrientationPortraitUpsideDown";
				LD_RUNPATH_SEARCH_PATHS = (
					"$(inherited)",
					"@executable_path/Frameworks",
				);
				MARKETING_VERSION = 1.0;
				PRODUCT_BUNDLE_IDENTIFIER = com.mariam.ImgClassificationExampleApp;
				PRODUCT_NAME = "$(TARGET_NAME)";
				SUPPORTED_PLATFORMS = "iphoneos iphonesimulator";
				SUPPORTS_MACCATALYST = NO;
				SUPPORTS_MAC_DESIGNED_FOR_IPHONE_IPAD = NO;
				SWIFT_EMIT_LOC_STRINGS = YES;
				SWIFT_VERSION = 5.0;
				TARGETED_DEVICE_FAMILY = 1;
			};
			name = Debug;
		};
		E46DB4EE2B8E6E3B00597E88 /* Release */ = {
			isa = XCBuildConfiguration;
			buildSettings = {
				ASSETCATALOG_COMPILER_APPICON_NAME = AppIcon;
				ASSETCATALOG_COMPILER_GLOBAL_ACCENT_COLOR_NAME = AccentColor;
				CODE_SIGN_STYLE = Automatic;
				CURRENT_PROJECT_VERSION = 1;
				DEVELOPMENT_TEAM = Y324LTK9DG;
				GENERATE_INFOPLIST_FILE = YES;
				INFOPLIST_FILE = ImgClassificationExampleApp/Info.plist;
				INFOPLIST_KEY_UIApplicationSupportsIndirectInputEvents = YES;
				INFOPLIST_KEY_UILaunchStoryboardName = LaunchScreen;
				INFOPLIST_KEY_UIMainStoryboardFile = Main;
				INFOPLIST_KEY_UISupportedInterfaceOrientations = UIInterfaceOrientationPortrait;
				INFOPLIST_KEY_UISupportedInterfaceOrientations_iPad = "UIInterfaceOrientationLandscapeLeft UIInterfaceOrientationLandscapeRight UIInterfaceOrientationPortrait UIInterfaceOrientationPortraitUpsideDown";
				LD_RUNPATH_SEARCH_PATHS = (
					"$(inherited)",
					"@executable_path/Frameworks",
				);
				MARKETING_VERSION = 1.0;
				PRODUCT_BUNDLE_IDENTIFIER = com.mariam.ImgClassificationExampleApp;
				PRODUCT_NAME = "$(TARGET_NAME)";
				SUPPORTED_PLATFORMS = "iphoneos iphonesimulator";
				SUPPORTS_MACCATALYST = NO;
				SUPPORTS_MAC_DESIGNED_FOR_IPHONE_IPAD = NO;
				SWIFT_EMIT_LOC_STRINGS = YES;
				SWIFT_VERSION = 5.0;
				TARGETED_DEVICE_FAMILY = 1;
			};
			name = Release;
		};
/* End XCBuildConfiguration section */

/* Begin XCConfigurationList section */
		E46DB4D32B8E6E3A00597E88 /* Build configuration list for PBXProject "ImgClassificationExampleApp" */ = {
			isa = XCConfigurationList;
			buildConfigurations = (
				E46DB4EA2B8E6E3B00597E88 /* Debug */,
				E46DB4EB2B8E6E3B00597E88 /* Release */,
			);
			defaultConfigurationIsVisible = 0;
			defaultConfigurationName = Release;
		};
		E46DB4EC2B8E6E3B00597E88 /* Build configuration list for PBXNativeTarget "ImgClassificationExampleApp" */ = {
			isa = XCConfigurationList;
			buildConfigurations = (
				E46DB4ED2B8E6E3B00597E88 /* Debug */,
				E46DB4EE2B8E6E3B00597E88 /* Release */,
			);
			defaultConfigurationIsVisible = 0;
			defaultConfigurationName = Release;
		};
/* End XCConfigurationList section */
	};
	rootObject = E46DB4D02B8E6E3A00597E88 /* Project object */;
}
